
Microsoft Visual Studio Solution File, Format Version 12.00
Project("{FAE04EC0-301F-11D3-BF4B-00C04F79EFBC}") = "Data_reader_data_set_data_adapter_data_view_objects_in_ADO_dotnet", "Data_reader_data_set_data_adapter_data_view_objects_in_ADO_dotnet.csproj", "{6A408DE1-B66D-42D6-A3EC-9E59CFAA434D}"
EndProject
Global
	GlobalSection(SolutionConfigurationPlatforms) = preSolution
		Debug|Any CPU = Debug|Any CPU
		Release|Any CPU = Release|Any CPU
	EndGlobalSection
	GlobalSection(ProjectConfigurationPlatforms) = postSolution
		{6A408DE1-B66D-42D6-A3EC-9E59CFAA434D}.Debug|Any CPU.ActiveCfg = Debug|Any CPU
		{6A408DE1-B66D-42D6-A3EC-9E59CFAA434D}.Debug|Any CPU.Build.0 = Debug|Any CPU
		{6A408DE1-B66D-42D6-A3EC-9E59CFAA434D}.Release|Any CPU.ActiveCfg = Release|Any CPU
		{6A408DE1-B66D-42D6-A3EC-9E59CFAA434D}.Release|Any CPU.Build.0 = Release|Any CPU
	EndGlobalSection
EndGlobal
